// !$*UTF8*$!
{
	archiveVersion = 1;
	classes = {
	};
	objectVersion = 48;
	objects = {

/* Begin PBXBuildFile section */
		1EA8AC17203CC12B00624576 /* AppDelegate.swift in Sources */ = {isa = PBXBuildFile; fileRef = 1EA8AC16203CC12B00624576 /* AppDelegate.swift */; };
		1EA8AC19203CC12B00624576 /* ViewController.swift in Sources */ = {isa = PBXBuildFile; fileRef = 1EA8AC18203CC12B00624576 /* ViewController.swift */; };
		1EA8AC1C203CC12B00624576 /* Main.storyboard in Resources */ = {isa = PBXBuildFile; fileRef = 1EA8AC1A203CC12B00624576 /* Main.storyboard */; };
		1EA8AC1E203CC12B00624576 /* Assets.xcassets in Resources */ = {isa = PBXBuildFile; fileRef = 1EA8AC1D203CC12B00624576 /* Assets.xcassets */; };
		1EA8AC21203CC12B00624576 /* LaunchScreen.storyboard in Resources */ = {isa = PBXBuildFile; fileRef = 1EA8AC1F203CC12B00624576 /* LaunchScreen.storyboard */; };
		1EA8AC2C203CC12C00624576 /* testPushNotificationTests.swift in Sources */ = {isa = PBXBuildFile; fileRef = 1EA8AC2B203CC12C00624576 /* testPushNotificationTests.swift */; };
		1EA8AC37203CC12C00624576 /* testPushNotificationUITests.swift in Sources */ = {isa = PBXBuildFile; fileRef = 1EA8AC36203CC12C00624576 /* testPushNotificationUITests.swift */; };
/* End PBXBuildFile section */

/* Begin PBXContainerItemProxy section */
		1EA8AC28203CC12C00624576 /* PBXContainerItemProxy */ = {
			isa = PBXContainerItemProxy;
			containerPortal = 1EA8AC0B203CC12B00624576 /* Project object */;
			proxyType = 1;
			remoteGlobalIDString = 1EA8AC12203CC12B00624576;
			remoteInfo = testPushNotification;
		};
		1EA8AC33203CC12C00624576 /* PBXContainerItemProxy */ = {
			isa = PBXContainerItemProxy;
			containerPortal = 1EA8AC0B203CC12B00624576 /* Project object */;
			proxyType = 1;
			remoteGlobalIDString = 1EA8AC12203CC12B00624576;
			remoteInfo = testPushNotification;
		};
/* End PBXContainerItemProxy section */

/* Begin PBXFileReference section */
		1EA8AC13203CC12B00624576 /* testPushNotification.app */ = {isa = PBXFileReference; explicitFileType = wrapper.application; includeInIndex = 0; path = testPushNotification.app; sourceTree = BUILT_PRODUCTS_DIR; };
		1EA8AC16203CC12B00624576 /* AppDelegate.swift */ = {isa = PBXFileReference; lastKnownFileType = sourcecode.swift; path = AppDelegate.swift; sourceTree = "<group>"; };
		1EA8AC18203CC12B00624576 /* ViewController.swift */ = {isa = PBXFileReference; lastKnownFileType = sourcecode.swift; path = ViewController.swift; sourceTree = "<group>"; };
		1EA8AC1B203CC12B00624576 /* Base */ = {isa = PBXFileReference; lastKnownFileType = file.storyboard; name = Base; path = Base.lproj/Main.storyboard; sourceTree = "<group>"; };
		1EA8AC1D203CC12B00624576 /* Assets.xcassets */ = {isa = PBXFileReference; lastKnownFileType = folder.assetcatalog; path = Assets.xcassets; sourceTree = "<group>"; };
		1EA8AC20203CC12B00624576 /* Base */ = {isa = PBXFileReference; lastKnownFileType = file.storyboard; name = Base; path = Base.lproj/LaunchScreen.storyboard; sourceTree = "<group>"; };
		1EA8AC22203CC12B00624576 /* Info.plist */ = {isa = PBXFileReference; lastKnownFileType = text.plist.xml; path = Info.plist; sourceTree = "<group>"; };
		1EA8AC27203CC12C00624576 /* testPushNotificationTests.xctest */ = {isa = PBXFileReference; explicitFileType = wrapper.cfbundle; includeInIndex = 0; path = testPushNotificationTests.xctest; sourceTree = BUILT_PRODUCTS_DIR; };
		1EA8AC2B203CC12C00624576 /* testPushNotificationTests.swift */ = {isa = PBXFileReference; lastKnownFileType = sourcecode.swift; path = testPushNotificationTests.swift; sourceTree = "<group>"; };
		1EA8AC2D203CC12C00624576 /* Info.plist */ = {isa = PBXFileReference; lastKnownFileType = text.plist.xml; path = Info.plist; sourceTree = "<group>"; };
		1EA8AC32203CC12C00624576 /* testPushNotificationUITests.xctest */ = {isa = PBXFileReference; explicitFileType = wrapper.cfbundle; includeInIndex = 0; path = testPushNotificationUITests.xctest; sourceTree = BUILT_PRODUCTS_DIR; };
		1EA8AC36203CC12C00624576 /* testPushNotificationUITests.swift */ = {isa = PBXFileReference; lastKnownFileType = sourcecode.swift; path = testPushNotificationUITests.swift; sourceTree = "<group>"; };
		1EA8AC38203CC12C00624576 /* Info.plist */ = {isa = PBXFileReference; lastKnownFileType = text.plist.xml; path = Info.plist; sourceTree = "<group>"; };
/* End PBXFileReference section */

/* Begin PBXFrameworksBuildPhase section */
		1EA8AC10203CC12B00624576 /* Frameworks */ = {
			isa = PBXFrameworksBuildPhase;
			buildActionMask = 2147483647;
			files = (
			);
			runOnlyForDeploymentPostprocessing = 0;
		};
		1EA8AC24203CC12C00624576 /* Frameworks */ = {
			isa = PBXFrameworksBuildPhase;
			buildActionMask = 2147483647;
			files = (
			);
			runOnlyForDeploymentPostprocessing = 0;
		};
		1EA8AC2F203CC12C00624576 /* Frameworks */ = {
			isa = PBXFrameworksBuildPhase;
			buildActionMask = 2147483647;
			files = (
			);
			runOnlyForDeploymentPostprocessing = 0;
		};
/* End PBXFrameworksBuildPhase section */

/* Begin PBXGroup section */
		1EA8AC0A203CC12B00624576 = {
			isa = PBXGroup;
			children = (
				1EA8AC15203CC12B00624576 /* testPushNotification */,
				1EA8AC2A203CC12C00624576 /* testPushNotificationTests */,
				1EA8AC35203CC12C00624576 /* testPushNotificationUITests */,
				1EA8AC14203CC12B00624576 /* Products */,
			);
			sourceTree = "<group>";
		};
		1EA8AC14203CC12B00624576 /* Products */ = {
			isa = PBXGroup;
			children = (
				1EA8AC13203CC12B00624576 /* testPushNotification.app */,
				1EA8AC27203CC12C00624576 /* testPushNotificationTests.xctest */,
				1EA8AC32203CC12C00624576 /* testPushNotificationUITests.xctest */,
			);
			name = Products;
			sourceTree = "<group>";
		};
		1EA8AC15203CC12B00624576 /* testPushNotification */ = {
			isa = PBXGroup;
			children = (
				1EA8AC16203CC12B00624576 /* AppDelegate.swift */,
				1EA8AC18203CC12B00624576 /* ViewController.swift */,
				1EA8AC1A203CC12B00624576 /* Main.storyboard */,
				1EA8AC1D203CC12B00624576 /* Assets.xcassets */,
				1EA8AC1F203CC12B00624576 /* LaunchScreen.storyboard */,
				1EA8AC22203CC12B00624576 /* Info.plist */,
			);
			path = testPushNotification;
			sourceTree = "<group>";
		};
		1EA8AC2A203CC12C00624576 /* testPushNotificationTests */ = {
			isa = PBXGroup;
			children = (
				1EA8AC2B203CC12C00624576 /* testPushNotificationTests.swift */,
				1EA8AC2D203CC12C00624576 /* Info.plist */,
			);
			path = testPushNotificationTests;
			sourceTree = "<group>";
		};
		1EA8AC35203CC12C00624576 /* testPushNotificationUITests */ = {
			isa = PBXGroup;
			children = (
				1EA8AC36203CC12C00624576 /* testPushNotificationUITests.swift */,
				1EA8AC38203CC12C00624576 /* Info.plist */,
			);
			path = testPushNotificationUITests;
			sourceTree = "<group>";
		};
/* End PBXGroup section */

/* Begin PBXNativeTarget section */
		1EA8AC12203CC12B00624576 /* testPushNotification */ = {
			isa = PBXNativeTarget;
			buildConfigurationList = 1EA8AC3B203CC12C00624576 /* Build configuration list for PBXNativeTarget "testPushNotification" */;
			buildPhases = (
				1EA8AC0F203CC12B00624576 /* Sources */,
				1EA8AC10203CC12B00624576 /* Frameworks */,
				1EA8AC11203CC12B00624576 /* Resources */,
			);
			buildRules = (
			);
			dependencies = (
			);
			name = testPushNotification;
			productName = testPushNotification;
			productReference = 1EA8AC13203CC12B00624576 /* testPushNotification.app */;
			productType = "com.apple.product-type.application";
		};
		1EA8AC26203CC12C00624576 /* testPushNotificationTests */ = {
			isa = PBXNativeTarget;
			buildConfigurationList = 1EA8AC3E203CC12C00624576 /* Build configuration list for PBXNativeTarget "testPushNotificationTests" */;
			buildPhases = (
				1EA8AC23203CC12C00624576 /* Sources */,
				1EA8AC24203CC12C00624576 /* Frameworks */,
				1EA8AC25203CC12C00624576 /* Resources */,
			);
			buildRules = (
			);
			dependencies = (
				1EA8AC29203CC12C00624576 /* PBXTargetDependency */,
			);
			name = testPushNotificationTests;
			productName = testPushNotificationTests;
			productReference = 1EA8AC27203CC12C00624576 /* testPushNotificationTests.xctest */;
			productType = "com.apple.product-type.bundle.unit-test";
		};
		1EA8AC31203CC12C00624576 /* testPushNotificationUITests */ = {
			isa = PBXNativeTarget;
			buildConfigurationList = 1EA8AC41203CC12C00624576 /* Build configuration list for PBXNativeTarget "testPushNotificationUITests" */;
			buildPhases = (
				1EA8AC2E203CC12C00624576 /* Sources */,
				1EA8AC2F203CC12C00624576 /* Frameworks */,
				1EA8AC30203CC12C00624576 /* Resources */,
			);
			buildRules = (
			);
			dependencies = (
				1EA8AC34203CC12C00624576 /* PBXTargetDependency */,
			);
			name = testPushNotificationUITests;
			productName = testPushNotificationUITests;
			productReference = 1EA8AC32203CC12C00624576 /* testPushNotificationUITests.xctest */;
			productType = "com.apple.product-type.bundle.ui-testing";
		};
/* End PBXNativeTarget section */

/* Begin PBXProject section */
		1EA8AC0B203CC12B00624576 /* Project object */ = {
			isa = PBXProject;
			attributes = {
				LastSwiftUpdateCheck = 0910;
				LastUpgradeCheck = 0910;
				ORGANIZATIONNAME = "Juan Jose Colin";
				TargetAttributes = {
					1EA8AC12203CC12B00624576 = {
						CreatedOnToolsVersion = 9.1;
						ProvisioningStyle = Automatic;
					};
					1EA8AC26203CC12C00624576 = {
						CreatedOnToolsVersion = 9.1;
						ProvisioningStyle = Automatic;
						TestTargetID = 1EA8AC12203CC12B00624576;
					};
					1EA8AC31203CC12C00624576 = {
						CreatedOnToolsVersion = 9.1;
						ProvisioningStyle = Automatic;
						TestTargetID = 1EA8AC12203CC12B00624576;
					};
				};
			};
			buildConfigurationList = 1EA8AC0E203CC12B00624576 /* Build configuration list for PBXProject "testPushNotification" */;
			compatibilityVersion = "Xcode 8.0";
			developmentRegion = en;
			hasScannedForEncodings = 0;
			knownRegions = (
				en,
				Base,
			);
			mainGroup = 1EA8AC0A203CC12B00624576;
			productRefGroup = 1EA8AC14203CC12B00624576 /* Products */;
			projectDirPath = "";
			projectRoot = "";
			targets = (
				1EA8AC12203CC12B00624576 /* testPushNotification */,
				1EA8AC26203CC12C00624576 /* testPushNotificationTests */,
				1EA8AC31203CC12C00624576 /* testPushNotificationUITests */,
			);
		};
/* End PBXProject section */

/* Begin PBXResourcesBuildPhase section */
		1EA8AC11203CC12B00624576 /* Resources */ = {
			isa = PBXResourcesBuildPhase;
			buildActionMask = 2147483647;
			files = (
				1EA8AC21203CC12B00624576 /* LaunchScreen.storyboard in Resources */,
				1EA8AC1E203CC12B00624576 /* Assets.xcassets in Resources */,
				1EA8AC1C203CC12B00624576 /* Main.storyboard in Resources */,
			);
			runOnlyForDeploymentPostprocessing = 0;
		};
		1EA8AC25203CC12C00624576 /* Resources */ = {
			isa = PBXResourcesBuildPhase;
			buildActionMask = 2147483647;
			files = (
			);
			runOnlyForDeploymentPostprocessing = 0;
		};
		1EA8AC30203CC12C00624576 /* Resources */ = {
			isa = PBXResourcesBuildPhase;
			buildActionMask = 2147483647;
			files = (
			);
			runOnlyForDeploymentPostprocessing = 0;
		};
/* End PBXResourcesBuildPhase section */

/* Begin PBXSourcesBuildPhase section */
		1EA8AC0F203CC12B00624576 /* Sources */ = {
			isa = PBXSourcesBuildPhase;
			buildActionMask = 2147483647;
			files = (
				1EA8AC19203CC12B00624576 /* ViewController.swift in Sources */,
				1EA8AC17203CC12B00624576 /* AppDelegate.swift in Sources */,
			);
			runOnlyForDeploymentPostprocessing = 0;
		};
		1EA8AC23203CC12C00624576 /* Sources */ = {
			isa = PBXSourcesBuildPhase;
			buildActionMask = 2147483647;
			files = (
				1EA8AC2C203CC12C00624576 /* testPushNotificationTests.swift in Sources */,
			);
			runOnlyForDeploymentPostprocessing = 0;
		};
		1EA8AC2E203CC12C00624576 /* Sources */ = {
			isa = PBXSourcesBuildPhase;
			buildActionMask = 2147483647;
			files = (
				1EA8AC37203CC12C00624576 /* testPushNotificationUITests.swift in Sources */,
			);
			runOnlyForDeploymentPostprocessing = 0;
		};
/* End PBXSourcesBuildPhase section */

/* Begin PBXTargetDependency section */
		1EA8AC29203CC12C00624576 /* PBXTargetDependency */ = {
			isa = PBXTargetDependency;
			target = 1EA8AC12203CC12B00624576 /* testPushNotification */;
			targetProxy = 1EA8AC28203CC12C00624576 /* PBXContainerItemProxy */;
		};
		1EA8AC34203CC12C00624576 /* PBXTargetDependency */ = {
			isa = PBXTargetDependency;
			target = 1EA8AC12203CC12B00624576 /* testPushNotification */;
			targetProxy = 1EA8AC33203CC12C00624576 /* PBXContainerItemProxy */;
		};
/* End PBXTargetDependency section */

/* Begin PBXVariantGroup section */
		1EA8AC1A203CC12B00624576 /* Main.storyboard */ = {
			isa = PBXVariantGroup;
			children = (
				1EA8AC1B203CC12B00624576 /* Base */,
			);
			name = Main.storyboard;
			sourceTree = "<group>";
		};
		1EA8AC1F203CC12B00624576 /* LaunchScreen.storyboard */ = {
			isa = PBXVariantGroup;
			children = (
				1EA8AC20203CC12B00624576 /* Base */,
			);
			name = LaunchScreen.storyboard;
			sourceTree = "<group>";
		};
/* End PBXVariantGroup section */

/* Begin XCBuildConfiguration section */
		1EA8AC39203CC12C00624576 /* Debug */ = {
			isa = XCBuildConfiguration;
			buildSettings = {
				ALWAYS_SEARCH_USER_PATHS = NO;
				CLANG_ANALYZER_NONNULL = YES;
				CLANG_ANALYZER_NUMBER_OBJECT_CONVERSION = YES_AGGRESSIVE;
				CLANG_CXX_LANGUAGE_STANDARD = "gnu++14";
				CLANG_CXX_LIBRARY = "libc++";
				CLANG_ENABLE_MODULES = YES;
				CLANG_ENABLE_OBJC_ARC = YES;
				CLANG_WARN_BLOCK_CAPTURE_AUTORELEASING = YES;
				CLANG_WARN_BOOL_CONVERSION = YES;
				CLANG_WARN_COMMA = YES;
				CLANG_WARN_CONSTANT_CONVERSION = YES;
				CLANG_WARN_DIRECT_OBJC_ISA_USAGE = YES_ERROR;
				CLANG_WARN_DOCUMENTATION_COMMENTS = YES;
				CLANG_WARN_EMPTY_BODY = YES;
				CLANG_WARN_ENUM_CONVERSION = YES;
				CLANG_WARN_INFINITE_RECURSION = YES;
				CLANG_WARN_INT_CONVERSION = YES;
				CLANG_WARN_NON_LITERAL_NULL_CONVERSION = YES;
				CLANG_WARN_OBJC_LITERAL_CONVERSION = YES;
				CLANG_WARN_OBJC_ROOT_CLASS = YES_ERROR;
				CLANG_WARN_RANGE_LOOP_ANALYSIS = YES;
				CLANG_WARN_STRICT_PROTOTYPES = YES;
				CLANG_WARN_SUSPICIOUS_MOVE = YES;
				CLANG_WARN_UNGUARDED_AVAILABILITY = YES_AGGRESSIVE;
				CLANG_WARN_UNREACHABLE_CODE = YES;
				CLANG_WARN__DUPLICATE_METHOD_MATCH = YES;
				CODE_SIGN_IDENTITY = "iPhone Developer";
				COPY_PHASE_STRIP = NO;
				DEBUG_INFORMATION_FORMAT = dwarf;
				ENABLE_STRICT_OBJC_MSGSEND = YES;
				ENABLE_TESTABILITY = YES;
				GCC_C_LANGUAGE_STANDARD = gnu11;
				GCC_DYNAMIC_NO_PIC = NO;
				GCC_NO_COMMON_BLOCKS = YES;
				GCC_OPTIMIZATION_LEVEL = 0;
				GCC_PREPROCESSOR_DEFINITIONS = (
					"DEBUG=1",
					"$(inherited)",
				);
				GCC_WARN_64_TO_32_BIT_CONVERSION = YES;
				GCC_WARN_ABOUT_RETURN_TYPE = YES_ERROR;
				GCC_WARN_UNDECLARED_SELECTOR = YES;
				GCC_WARN_UNINITIALIZED_AUTOS = YES_AGGRESSIVE;
				GCC_WARN_UNUSED_FUNCTION = YES;
				GCC_WARN_UNUSED_VARIABLE = YES;
				IPHONEOS_DEPLOYMENT_TARGET = 11.1;
				MTL_ENABLE_DEBUG_INFO = YES;
				ONLY_ACTIVE_ARCH = YES;
				SDKROOT = iphoneos;
				SWIFT_ACTIVE_COMPILATION_CONDITIONS = DEBUG;
				SWIFT_OPTIMIZATION_LEVEL = "-Onone";
			};
			name = Debug;
		};
		1EA8AC3A203CC12C00624576 /* Release */ = {
			isa = XCBuildConfiguration;
			buildSettings = {
				ALWAYS_SEARCH_USER_PATHS = NO;
				CLANG_ANALYZER_NONNULL = YES;
				CLANG_ANALYZER_NUMBER_OBJECT_CONVERSION = YES_AGGRESSIVE;
				CLANG_CXX_LANGUAGE_STANDARD = "gnu++14";
				CLANG_CXX_LIBRARY = "libc++";
				CLANG_ENABLE_MODULES = YES;
				CLANG_ENABLE_OBJC_ARC = YES;
				CLANG_WARN_BLOCK_CAPTURE_AUTORELEASING = YES;
				CLANG_WARN_BOOL_CONVERSION = YES;
				CLANG_WARN_COMMA = YES;
				CLANG_WARN_CONSTANT_CONVERSION = YES;
				CLANG_WARN_DIRECT_OBJC_ISA_USAGE = YES_ERROR;
				CLANG_WARN_DOCUMENTATION_COMMENTS = YES;
				CLANG_WARN_EMPTY_BODY = YES;
				CLANG_WARN_ENUM_CONVERSION = YES;
				CLANG_WARN_INFINITE_RECURSION = YES;
				CLANG_WARN_INT_CONVERSION = YES;
				CLANG_WARN_NON_LITERAL_NULL_CONVERSION = YES;
				CLANG_WARN_OBJC_LITERAL_CONVERSION = YES;
				CLANG_WARN_OBJC_ROOT_CLASS = YES_ERROR;
				CLANG_WARN_RANGE_LOOP_ANALYSIS = YES;
				CLANG_WARN_STRICT_PROTOTYPES = YES;
				CLANG_WARN_SUSPICIOUS_MOVE = YES;
				CLANG_WARN_UNGUARDED_AVAILABILITY = YES_AGGRESSIVE;
				CLANG_WARN_UNREACHABLE_CODE = YES;
				CLANG_WARN__DUPLICATE_METHOD_MATCH = YES;
				CODE_SIGN_IDENTITY = "iPhone Developer";
				COPY_PHASE_STRIP = NO;
				DEBUG_INFORMATION_FORMAT = "dwarf-with-dsym";
				ENABLE_NS_ASSERTIONS = NO;
				ENABLE_STRICT_OBJC_MSGSEND = YES;
				GCC_C_LANGUAGE_STANDARD = gnu11;
				GCC_NO_COMMON_BLOCKS = YES;
				GCC_WARN_64_TO_32_BIT_CONVERSION = YES;
				GCC_WARN_ABOUT_RETURN_TYPE = YES_ERROR;
				GCC_WARN_UNDECLARED_SELECTOR = YES;
				GCC_WARN_UNINITIALIZED_AUTOS = YES_AGGRESSIVE;
				GCC_WARN_UNUSED_FUNCTION = YES;
				GCC_WARN_UNUSED_VARIABLE = YES;
				IPHONEOS_DEPLOYMENT_TARGET = 11.1;
				MTL_ENABLE_DEBUG_INFO = NO;
				SDKROOT = iphoneos;
				SWIFT_OPTIMIZATION_LEVEL = "-Owholemodule";
				VALIDATE_PRODUCT = YES;
			};
			name = Release;
		};
		1EA8AC3C203CC12C00624576 /* Debug */ = {
			isa = XCBuildConfiguration;
			buildSettings = {
				ASSETCATALOG_COMPILER_APPICON_NAME = AppIcon;
				CODE_SIGN_STYLE = Automatic;
				DEVELOPMENT_TEAM = "";
				INFOPLIST_FILE = testPushNotification/Info.plist;
				LD_RUNPATH_SEARCH_PATHS = "$(inherited) @executable_path/Frameworks";
				PRODUCT_BUNDLE_IDENTIFIER = com.appcoda.testPushNotification;
				PRODUCT_NAME = "$(TARGET_NAME)";
				SWIFT_VERSION = 4.0;
				TARGETED_DEVICE_FAMILY = "1,2";
			};
			name = Debug;
		};
		1EA8AC3D203CC12C00624576 /* Release */ = {
			isa = XCBuildConfiguration;
			buildSettings = {
				ASSETCATALOG_COMPILER_APPICON_NAME = AppIcon;
				CODE_SIGN_STYLE = Automatic;
				DEVELOPMENT_TEAM = "";
				INFOPLIST_FILE = testPushNotification/Info.plist;
				LD_RUNPATH_SEARCH_PATHS = "$(inherited) @executable_path/Frameworks";
				PRODUCT_BUNDLE_IDENTIFIER = com.appcoda.testPushNotification;
				PRODUCT_NAME = "$(TARGET_NAME)";
				SWIFT_VERSION = 4.0;
				TARGETED_DEVICE_FAMILY = "1,2";
			};
			name = Release;
		};
		1EA8AC3F203CC12C00624576 /* Debug */ = {
			isa = XCBuildConfiguration;
			buildSettings = {
				ALWAYS_EMBED_SWIFT_STANDARD_LIBRARIES = YES;
				BUNDLE_LOADER = "$(TEST_HOST)";
				CODE_SIGN_STYLE = Automatic;
				INFOPLIST_FILE = testPushNotificationTests/Info.plist;
				LD_RUNPATH_SEARCH_PATHS = "$(inherited) @executable_path/Frameworks @loader_path/Frameworks";
				PRODUCT_BUNDLE_IDENTIFIER = com.appcoda.testPushNotificationTests;
				PRODUCT_NAME = "$(TARGET_NAME)";
				SWIFT_VERSION = 4.0;
				TARGETED_DEVICE_FAMILY = "1,2";
				TEST_HOST = "$(BUILT_PRODUCTS_DIR)/testPushNotification.app/testPushNotification";
			};
			name = Debug;
		};
		1EA8AC40203CC12C00624576 /* Release */ = {
			isa = XCBuildConfiguration;
			buildSettings = {
				ALWAYS_EMBED_SWIFT_STANDARD_LIBRARIES = YES;
				BUNDLE_LOADER = "$(TEST_HOST)";
				CODE_SIGN_STYLE = Automatic;
				INFOPLIST_FILE = testPushNotificationTests/Info.plist;
				LD_RUNPATH_SEARCH_PATHS = "$(inherited) @executable_path/Frameworks @loader_path/Frameworks";
				PRODUCT_BUNDLE_IDENTIFIER = com.appcoda.testPushNotificationTests;
				PRODUCT_NAME = "$(TARGET_NAME)";
				SWIFT_VERSION = 4.0;
				TARGETED_DEVICE_FAMILY = "1,2";
				TEST_HOST = "$(BUILT_PRODUCTS_DIR)/testPushNotification.app/testPushNotification";
			};
			name = Release;
		};
		1EA8AC42203CC12C00624576 /* Debug */ = {
			isa = XCBuildConfiguration;
			buildSettings = {
				ALWAYS_EMBED_SWIFT_STANDARD_LIBRARIES = YES;
				CODE_SIGN_STYLE = Automatic;
				INFOPLIST_FILE = testPushNotificationUITests/Info.plist;
				LD_RUNPATH_SEARCH_PATHS = "$(inherited) @executable_path/Frameworks @loader_path/Frameworks";
				PRODUCT_BUNDLE_IDENTIFIER = com.appcoda.testPushNotificationUITests;
				PRODUCT_NAME = "$(TARGET_NAME)";
				SWIFT_VERSION = 4.0;
				TARGETED_DEVICE_FAMILY = "1,2";
				TEST_TARGET_NAME = testPushNotification;
			};
			name = Debug;
		};
		1EA8AC43203CC12C00624576 /* Release */ = {
			isa = XCBuildConfiguration;
			buildSettings = {
				ALWAYS_EMBED_SWIFT_STANDARD_LIBRARIES = YES;
				CODE_SIGN_STYLE = Automatic;
				INFOPLIST_FILE = testPushNotificationUITests/Info.plist;
				LD_RUNPATH_SEARCH_PATHS = "$(inherited) @executable_path/Frameworks @loader_path/Frameworks";
				PRODUCT_BUNDLE_IDENTIFIER = com.appcoda.testPushNotificationUITests;
				PRODUCT_NAME = "$(TARGET_NAME)";
				SWIFT_VERSION = 4.0;
				TARGETED_DEVICE_FAMILY = "1,2";
				TEST_TARGET_NAME = testPushNotification;
			};
			name = Release;
		};
/* End XCBuildConfiguration section */

/* Begin XCConfigurationList section */
		1EA8AC0E203CC12B00624576 /* Build configuration list for PBXProject "testPushNotification" */ = {
			isa = XCConfigurationList;
			buildConfigurations = (
				1EA8AC39203CC12C00624576 /* Debug */,
				1EA8AC3A203CC12C00624576 /* Release */,
			);
			defaultConfigurationIsVisible = 0;
			defaultConfigurationName = Release;
		};
		1EA8AC3B203CC12C00624576 /* Build configuration list for PBXNativeTarget "testPushNotification" */ = {
			isa = XCConfigurationList;
			buildConfigurations = (
				1EA8AC3C203CC12C00624576 /* Debug */,
				1EA8AC3D203CC12C00624576 /* Release */,
			);
			defaultConfigurationIsVisible = 0;
			defaultConfigurationName = Release;
		};
		1EA8AC3E203CC12C00624576 /* Build configuration list for PBXNativeTarget "testPushNotificationTests" */ = {
			isa = XCConfigurationList;
			buildConfigurations = (
				1EA8AC3F203CC12C00624576 /* Debug */,
				1EA8AC40203CC12C00624576 /* Release */,
			);
			defaultConfigurationIsVisible = 0;
			defaultConfigurationName = Release;
		};
		1EA8AC41203CC12C00624576 /* Build configuration list for PBXNativeTarget "testPushNotificationUITests" */ = {
			isa = XCConfigurationList;
			buildConfigurations = (
				1EA8AC42203CC12C00624576 /* Debug */,
				1EA8AC43203CC12C00624576 /* Release */,
			);
			defaultConfigurationIsVisible = 0;
			defaultConfigurationName = Release;
		};
/* End XCConfigurationList section */
	};
	rootObject = 1EA8AC0B203CC12B00624576 /* Project object */;
}
